
Microsoft Visual Studio Solution File, Format Version 12.00
# Visual Studio 15
VisualStudioVersion = 15.0.27130.2020
MinimumVisualStudioVersion = 10.0.40219.1
Project("{FAE04EC0-301F-11D3-BF4B-00C04F79EFBC}") = "Jakobi_Seidel", "Jakobi_Seidel\Jakobi_Seidel.csproj", "{012D6ADA-E0F5-42C3-8E61-D5DBDF7C3DE9}"
EndProject
Project("{FAE04EC0-301F-11D3-BF4B-00C04F79EFBC}") = "Gauss_Squad", "Gauss_Squad\Gauss_Squad.csproj", "{CE2F5130-1DBE-4977-B65A-A14DFC0E286B}"
EndProject
Global
	GlobalSection(SolutionConfigurationPlatforms) = preSolution
		Debug|Any CPU = Debug|Any CPU
		Release|Any CPU = Release|Any CPU
	EndGlobalSection
	GlobalSection(ProjectConfigurationPlatforms) = postSolution
		{012D6ADA-E0F5-42C3-8E61-D5DBDF7C3DE9}.Debug|Any CPU.ActiveCfg = Debug|Any CPU
		{012D6ADA-E0F5-42C3-8E61-D5DBDF7C3DE9}.Debug|Any CPU.Build.0 = Debug|Any CPU
		{012D6ADA-E0F5-42C3-8E61-D5DBDF7C3DE9}.Release|Any CPU.ActiveCfg = Release|Any CPU
		{012D6ADA-E0F5-42C3-8E61-D5DBDF7C3DE9}.Release|Any CPU.Build.0 = Release|Any CPU
		{CE2F5130-1DBE-4977-B65A-A14DFC0E286B}.Debug|Any CPU.ActiveCfg = Debug|Any CPU
		{CE2F5130-1DBE-4977-B65A-A14DFC0E286B}.Debug|Any CPU.Build.0 = Debug|Any CPU
		{CE2F5130-1DBE-4977-B65A-A14DFC0E286B}.Release|Any CPU.ActiveCfg = Release|Any CPU
		{CE2F5130-1DBE-4977-B65A-A14DFC0E286B}.Release|Any CPU.Build.0 = Release|Any CPU
	EndGlobalSection
	GlobalSection(SolutionProperties) = preSolution
		HideSolutionNode = FALSE
	EndGlobalSection
	GlobalSection(ExtensibilityGlobals) = postSolution
		SolutionGuid = {FBE98E80-B0B5-4A36-8A05-4F198E802792}
	EndGlobalSection
EndGlobal
